
Microsoft Visual Studio Solution File, Format Version 12.00
# Visual Studio Version 16
VisualStudioVersion = 16.0.30907.101
MinimumVisualStudioVersion = 10.0.40219.1
Project("{FAE04EC0-301F-11D3-BF4B-00C04F79EFBC}") = "Readly", "Readly\Readly.csproj", "{9CA957BC-77E5-46C1-B782-CB1C902FBF68}"
EndProject
Global
	GlobalSection(SolutionConfigurationPlatforms) = preSolution
		Debug|Any CPU = Debug|Any CPU
		Release|Any CPU = Release|Any CPU
	EndGlobalSection
	GlobalSection(ProjectConfigurationPlatforms) = postSolution
		{9CA957BC-77E5-46C1-B782-CB1C902FBF68}.Debug|Any CPU.ActiveCfg = Debug|Any CPU
		{9CA957BC-77E5-46C1-B782-CB1C902FBF68}.Debug|Any CPU.Build.0 = Debug|Any CPU
		{9CA957BC-77E5-46C1-B782-CB1C902FBF68}.Release|Any CPU.ActiveCfg = Release|Any CPU
		{9CA957BC-77E5-46C1-B782-CB1C902FBF68}.Release|Any CPU.Build.0 = Release|Any CPU
	EndGlobalSection
	GlobalSection(SolutionProperties) = preSolution
		HideSolutionNode = FALSE
	EndGlobalSection
	GlobalSection(ExtensibilityGlobals) = postSolution
		SolutionGuid = {1A3055C6-AB26-4F12-8314-D2E526AC60FB}
	EndGlobalSection
EndGlobal
